
Microsoft Visual Studio Solution File, Format Version 12.00
# Visual Studio Version 16
VisualStudioVersion = 16.0.31105.61
MinimumVisualStudioVersion = 10.0.40219.1
Project("{2150E333-8FDC-42A3-9474-1A3956D46DE8}") = "CQRS", "CQRS", "{2BEDC1A8-0EE3-4B80-82F0-4D403A62520E}"
EndProject
Project("{2150E333-8FDC-42A3-9474-1A3956D46DE8}") = "Delegates_Linq", "Delegates_Linq", "{79B51429-28BE-412D-86DE-C55070AF9341}"
EndProject
Project("{2150E333-8FDC-42A3-9474-1A3956D46DE8}") = "Record", "Record", "{CDB9C3DB-6739-4CF6-B56B-4B065C523D3C}"
EndProject
Project("{9A19103F-16F7-4668-BE54-9A1E7A4F7556}") = "Services", "src\Services\Services.csproj", "{DC344126-0A2F-44EF-9C28-25048DE49145}"
EndProject
Project("{9A19103F-16F7-4668-BE54-9A1E7A4F7556}") = "WebAPI", "src\WebAPI\WebAPI.csproj", "{3739EE57-9374-406F-B71D-D26166B8D80E}"
EndProject
Project("{9A19103F-16F7-4668-BE54-9A1E7A4F7556}") = "CodeSignalExercises", "src\CodeSignalExercises\CodeSignalExercises.csproj", "{5B7B9981-696F-4327-A273-A08BBBE75739}"
EndProject
Project("{9A19103F-16F7-4668-BE54-9A1E7A4F7556}") = "Study", "Study.csproj", "{6AE6D42C-5E36-4C9B-A4BC-F5658B3D2C1E}"
EndProject
Project("{9A19103F-16F7-4668-BE54-9A1E7A4F7556}") = "RecordType", "src\RecordType\RecordType.csproj", "{A5FD662C-B3DC-46EB-B3B8-93E948346B93}"
EndProject
Global
	GlobalSection(SolutionConfigurationPlatforms) = preSolution
		Debug|Any CPU = Debug|Any CPU
		Release|Any CPU = Release|Any CPU
	EndGlobalSection
	GlobalSection(ProjectConfigurationPlatforms) = postSolution
		{DC344126-0A2F-44EF-9C28-25048DE49145}.Debug|Any CPU.ActiveCfg = Debug|Any CPU
		{DC344126-0A2F-44EF-9C28-25048DE49145}.Debug|Any CPU.Build.0 = Debug|Any CPU
		{DC344126-0A2F-44EF-9C28-25048DE49145}.Release|Any CPU.ActiveCfg = Release|Any CPU
		{DC344126-0A2F-44EF-9C28-25048DE49145}.Release|Any CPU.Build.0 = Release|Any CPU
		{3739EE57-9374-406F-B71D-D26166B8D80E}.Debug|Any CPU.ActiveCfg = Debug|Any CPU
		{3739EE57-9374-406F-B71D-D26166B8D80E}.Debug|Any CPU.Build.0 = Debug|Any CPU
		{3739EE57-9374-406F-B71D-D26166B8D80E}.Release|Any CPU.ActiveCfg = Release|Any CPU
		{3739EE57-9374-406F-B71D-D26166B8D80E}.Release|Any CPU.Build.0 = Release|Any CPU
		{5B7B9981-696F-4327-A273-A08BBBE75739}.Debug|Any CPU.ActiveCfg = Debug|Any CPU
		{5B7B9981-696F-4327-A273-A08BBBE75739}.Debug|Any CPU.Build.0 = Debug|Any CPU
		{5B7B9981-696F-4327-A273-A08BBBE75739}.Release|Any CPU.ActiveCfg = Release|Any CPU
		{5B7B9981-696F-4327-A273-A08BBBE75739}.Release|Any CPU.Build.0 = Release|Any CPU
		{6AE6D42C-5E36-4C9B-A4BC-F5658B3D2C1E}.Debug|Any CPU.ActiveCfg = Debug|Any CPU
		{6AE6D42C-5E36-4C9B-A4BC-F5658B3D2C1E}.Debug|Any CPU.Build.0 = Debug|Any CPU
		{6AE6D42C-5E36-4C9B-A4BC-F5658B3D2C1E}.Release|Any CPU.ActiveCfg = Release|Any CPU
		{6AE6D42C-5E36-4C9B-A4BC-F5658B3D2C1E}.Release|Any CPU.Build.0 = Release|Any CPU
		{A5FD662C-B3DC-46EB-B3B8-93E948346B93}.Debug|Any CPU.ActiveCfg = Debug|Any CPU
		{A5FD662C-B3DC-46EB-B3B8-93E948346B93}.Debug|Any CPU.Build.0 = Debug|Any CPU
		{A5FD662C-B3DC-46EB-B3B8-93E948346B93}.Release|Any CPU.ActiveCfg = Release|Any CPU
		{A5FD662C-B3DC-46EB-B3B8-93E948346B93}.Release|Any CPU.Build.0 = Release|Any CPU
	EndGlobalSection
	GlobalSection(SolutionProperties) = preSolution
		HideSolutionNode = FALSE
	EndGlobalSection
	GlobalSection(NestedProjects) = preSolution
		{DC344126-0A2F-44EF-9C28-25048DE49145} = {2BEDC1A8-0EE3-4B80-82F0-4D403A62520E}
		{3739EE57-9374-406F-B71D-D26166B8D80E} = {2BEDC1A8-0EE3-4B80-82F0-4D403A62520E}
		{5B7B9981-696F-4327-A273-A08BBBE75739} = {79B51429-28BE-412D-86DE-C55070AF9341}
		{6AE6D42C-5E36-4C9B-A4BC-F5658B3D2C1E} = {79B51429-28BE-412D-86DE-C55070AF9341}
		{A5FD662C-B3DC-46EB-B3B8-93E948346B93} = {CDB9C3DB-6739-4CF6-B56B-4B065C523D3C}
	EndGlobalSection
	GlobalSection(ExtensibilityGlobals) = postSolution
		SolutionGuid = {ABCF6CEC-1438-4AE7-BE4B-61112866ADA5}
	EndGlobalSection
EndGlobal
