
Microsoft Visual Studio Solution File, Format Version 12.00
# Visual Studio Version 16
VisualStudioVersion = 16.0.31105.61
MinimumVisualStudioVersion = 10.0.40219.1
Project("{2150E333-8FDC-42A3-9474-1A3956D46DE8}") = "CQRS", "CQRS", "{2BEDC1A8-0EE3-4B80-82F0-4D403A62520E}"
EndProject
Project("{2150E333-8FDC-42A3-9474-1A3956D46DE8}") = "Delegates_Linq", "Delegates_Linq", "{79B51429-28BE-412D-86DE-C55070AF9341}"
EndProject
Project("{2150E333-8FDC-42A3-9474-1A3956D46DE8}") = "Record", "Record", "{CDB9C3DB-6739-4CF6-B56B-4B065C523D3C}"
EndProject
Project("{9A19103F-16F7-4668-BE54-9A1E7A4F7556}") = "Services", "..\Services\Services.csproj", "{10DABE0E-47EC-4BDA-A18B-8C72B47AC33C}"
EndProject
Project("{9A19103F-16F7-4668-BE54-9A1E7A4F7556}") = "WebAPI", "..\WebAPI\WebAPI.csproj", "{FE69EFAF-C8F6-4B6F-9B2D-38DF05093CD0}"
EndProject
Project("{9A19103F-16F7-4668-BE54-9A1E7A4F7556}") = "CodeSignalExercises", "..\CodeSignalExercises\CodeSignalExercises.csproj", "{822C06D9-9EA1-454B-A0FA-24DE5B658324}"
EndProject
Project("{9A19103F-16F7-4668-BE54-9A1E7A4F7556}") = "Study", "Study.csproj", "{741B9678-584D-4A3A-9A6A-499D74936014}"
EndProject
Project("{9A19103F-16F7-4668-BE54-9A1E7A4F7556}") = "RecordType", "..\RecordType\RecordType.csproj", "{9FC8215E-F605-4E10-BFB0-817EAAA4714F}"
EndProject
Global
	GlobalSection(SolutionConfigurationPlatforms) = preSolution
		Debug|Any CPU = Debug|Any CPU
		Release|Any CPU = Release|Any CPU
	EndGlobalSection
	GlobalSection(ProjectConfigurationPlatforms) = postSolution
		{10DABE0E-47EC-4BDA-A18B-8C72B47AC33C}.Debug|Any CPU.ActiveCfg = Debug|Any CPU
		{10DABE0E-47EC-4BDA-A18B-8C72B47AC33C}.Debug|Any CPU.Build.0 = Debug|Any CPU
		{10DABE0E-47EC-4BDA-A18B-8C72B47AC33C}.Release|Any CPU.ActiveCfg = Release|Any CPU
		{10DABE0E-47EC-4BDA-A18B-8C72B47AC33C}.Release|Any CPU.Build.0 = Release|Any CPU
		{FE69EFAF-C8F6-4B6F-9B2D-38DF05093CD0}.Debug|Any CPU.ActiveCfg = Debug|Any CPU
		{FE69EFAF-C8F6-4B6F-9B2D-38DF05093CD0}.Debug|Any CPU.Build.0 = Debug|Any CPU
		{FE69EFAF-C8F6-4B6F-9B2D-38DF05093CD0}.Release|Any CPU.ActiveCfg = Release|Any CPU
		{FE69EFAF-C8F6-4B6F-9B2D-38DF05093CD0}.Release|Any CPU.Build.0 = Release|Any CPU
		{822C06D9-9EA1-454B-A0FA-24DE5B658324}.Debug|Any CPU.ActiveCfg = Debug|Any CPU
		{822C06D9-9EA1-454B-A0FA-24DE5B658324}.Debug|Any CPU.Build.0 = Debug|Any CPU
		{822C06D9-9EA1-454B-A0FA-24DE5B658324}.Release|Any CPU.ActiveCfg = Release|Any CPU
		{822C06D9-9EA1-454B-A0FA-24DE5B658324}.Release|Any CPU.Build.0 = Release|Any CPU
		{741B9678-584D-4A3A-9A6A-499D74936014}.Debug|Any CPU.ActiveCfg = Debug|Any CPU
		{741B9678-584D-4A3A-9A6A-499D74936014}.Debug|Any CPU.Build.0 = Debug|Any CPU
		{741B9678-584D-4A3A-9A6A-499D74936014}.Release|Any CPU.ActiveCfg = Release|Any CPU
		{741B9678-584D-4A3A-9A6A-499D74936014}.Release|Any CPU.Build.0 = Release|Any CPU
		{9FC8215E-F605-4E10-BFB0-817EAAA4714F}.Debug|Any CPU.ActiveCfg = Debug|Any CPU
		{9FC8215E-F605-4E10-BFB0-817EAAA4714F}.Debug|Any CPU.Build.0 = Debug|Any CPU
		{9FC8215E-F605-4E10-BFB0-817EAAA4714F}.Release|Any CPU.ActiveCfg = Release|Any CPU
		{9FC8215E-F605-4E10-BFB0-817EAAA4714F}.Release|Any CPU.Build.0 = Release|Any CPU
	EndGlobalSection
	GlobalSection(SolutionProperties) = preSolution
		HideSolutionNode = FALSE
	EndGlobalSection
	GlobalSection(NestedProjects) = preSolution
		{10DABE0E-47EC-4BDA-A18B-8C72B47AC33C} = {2BEDC1A8-0EE3-4B80-82F0-4D403A62520E}
		{FE69EFAF-C8F6-4B6F-9B2D-38DF05093CD0} = {2BEDC1A8-0EE3-4B80-82F0-4D403A62520E}
		{822C06D9-9EA1-454B-A0FA-24DE5B658324} = {79B51429-28BE-412D-86DE-C55070AF9341}
		{741B9678-584D-4A3A-9A6A-499D74936014} = {79B51429-28BE-412D-86DE-C55070AF9341}
		{9FC8215E-F605-4E10-BFB0-817EAAA4714F} = {CDB9C3DB-6739-4CF6-B56B-4B065C523D3C}
	EndGlobalSection
	GlobalSection(ExtensibilityGlobals) = postSolution
		SolutionGuid = {ABCF6CEC-1438-4AE7-BE4B-61112866ADA5}
	EndGlobalSection
EndGlobal
